
Microsoft Visual Studio Solution File, Format Version 12.00
# Visual Studio Version 16
VisualStudioVersion = 16.0.31729.503
MinimumVisualStudioVersion = 10.0.40219.1
Project("{8BC9CEB8-8B4A-11D0-8D11-00A0C91BC942}") = "编写函数对字符串中的字符计数", "编写函数对字符串中的字符计数\编写函数对字符串中的字符计数.vcxproj", "{32619F4A-C92F-4BED-A1B8-AB7DB45F7A55}"
EndProject
Global
	GlobalSection(SolutionConfigurationPlatforms) = preSolution
		Debug|x64 = Debug|x64
		Debug|x86 = Debug|x86
		Release|x64 = Release|x64
		Release|x86 = Release|x86
	EndGlobalSection
	GlobalSection(ProjectConfigurationPlatforms) = postSolution
		{32619F4A-C92F-4BED-A1B8-AB7DB45F7A55}.Debug|x64.ActiveCfg = Debug|x64
		{32619F4A-C92F-4BED-A1B8-AB7DB45F7A55}.Debug|x64.Build.0 = Debug|x64
		{32619F4A-C92F-4BED-A1B8-AB7DB45F7A55}.Debug|x86.ActiveCfg = Debug|Win32
		{32619F4A-C92F-4BED-A1B8-AB7DB45F7A55}.Debug|x86.Build.0 = Debug|Win32
		{32619F4A-C92F-4BED-A1B8-AB7DB45F7A55}.Release|x64.ActiveCfg = Release|x64
		{32619F4A-C92F-4BED-A1B8-AB7DB45F7A55}.Release|x64.Build.0 = Release|x64
		{32619F4A-C92F-4BED-A1B8-AB7DB45F7A55}.Release|x86.ActiveCfg = Release|Win32
		{32619F4A-C92F-4BED-A1B8-AB7DB45F7A55}.Release|x86.Build.0 = Release|Win32
	EndGlobalSection
	GlobalSection(SolutionProperties) = preSolution
		HideSolutionNode = FALSE
	EndGlobalSection
	GlobalSection(ExtensibilityGlobals) = postSolution
		SolutionGuid = {34792A26-F36D-43E3-BC63-4012B555B5D5}
	EndGlobalSection
EndGlobal
